{
  "name": "src",
  "lockfileVersion": 3,
  "requires": true,
  "packages": {
    "": {
      "dependencies": {
        "@fontsource/monaspace-neon": "^5.2.5"
      }
    },
    "node_modules/@fontsource/monaspace-neon": {
      "version": "5.2.5",
      "resolved": "https://registry.npmjs.org/@fontsource/monaspace-neon/-/monaspace-neon-5.2.5.tgz",
      "integrity": "sha512-TjSSuHC37DroyhP5YCKRCAxdUb3In/uqHzqqW/8Ul+JWilz37d8lr8jFeapnbD3QdYXgiQoU2Rf/CmTdyl06DA==",
      "license": "OFL-1.1",
      "funding": {
        "url": "https://github.com/sponsors/ayuhito"
      }
    }
  }
}
